
Microsoft Visual Studio Solution File, Format Version 12.00
# Visual Studio Version 16
VisualStudioVersion = 25.0.1706.14
MinimumVisualStudioVersion = 10.0.40219.1
Project("{FAE04EC0-301F-11D3-BF4B-00C04F79EFBC}") = "DailyReport", "DailyReport\DailyReport.csproj", "{D40A223E-8A4A-4B97-8290-4EC861EED8EF}"
EndProject
Global
	GlobalSection(SolutionConfigurationPlatforms) = preSolution
		Debug|Any CPU = Debug|Any CPU
		Release|Any CPU = Release|Any CPU
	EndGlobalSection
	GlobalSection(ProjectConfigurationPlatforms) = postSolution
		{D40A223E-8A4A-4B97-8290-4EC861EED8EF}.Debug|Any CPU.ActiveCfg = Debug|Any CPU
		{D40A223E-8A4A-4B97-8290-4EC861EED8EF}.Debug|Any CPU.Build.0 = Debug|Any CPU
		{D40A223E-8A4A-4B97-8290-4EC861EED8EF}.Release|Any CPU.ActiveCfg = Release|Any CPU
		{D40A223E-8A4A-4B97-8290-4EC861EED8EF}.Release|Any CPU.Build.0 = Release|Any CPU
	EndGlobalSection
	GlobalSection(SolutionProperties) = preSolution
		HideSolutionNode = FALSE
	EndGlobalSection
	GlobalSection(ExtensibilityGlobals) = postSolution
		SolutionGuid = {7D2F2ECC-3779-42AF-83E7-C62D496FC814}
	EndGlobalSection
EndGlobal
