
Microsoft Visual Studio Solution File, Format Version 12.00
# Visual Studio Version 17
VisualStudioVersion = 17.11.35327.3
MinimumVisualStudioVersion = 10.0.40219.1
Project("{FAE04EC0-301F-11D3-BF4B-00C04F79EFBC}") = "CodeFirstStudentApp", "CodeFirstStudentApp\CodeFirstStudentApp.csproj", "{61350D9F-231F-4558-9C3D-52B47B8B6CEA}"
EndProject
Global
	GlobalSection(SolutionConfigurationPlatforms) = preSolution
		Debug|Any CPU = Debug|Any CPU
		Release|Any CPU = Release|Any CPU
	EndGlobalSection
	GlobalSection(ProjectConfigurationPlatforms) = postSolution
		{61350D9F-231F-4558-9C3D-52B47B8B6CEA}.Debug|Any CPU.ActiveCfg = Debug|Any CPU
		{61350D9F-231F-4558-9C3D-52B47B8B6CEA}.Debug|Any CPU.Build.0 = Debug|Any CPU
		{61350D9F-231F-4558-9C3D-52B47B8B6CEA}.Release|Any CPU.ActiveCfg = Release|Any CPU
		{61350D9F-231F-4558-9C3D-52B47B8B6CEA}.Release|Any CPU.Build.0 = Release|Any CPU
	EndGlobalSection
	GlobalSection(SolutionProperties) = preSolution
		HideSolutionNode = FALSE
	EndGlobalSection
	GlobalSection(ExtensibilityGlobals) = postSolution
		SolutionGuid = {3FCD16AD-2426-4C4B-83F0-7A086A996D75}
	EndGlobalSection
EndGlobal
