
Microsoft Visual Studio Solution File, Format Version 12.00
# Visual Studio Version 16
VisualStudioVersion = 25.0.1706.14
MinimumVisualStudioVersion = 10.0.40219.1
Project("{FAE04EC0-301F-11D3-BF4B-00C04F79EFBC}") = "ConstructorAssignment", "ConstructorAssignment\ConstructorAssignment.csproj", "{AF55AF6F-C061-4FEC-A8F6-E1FE76C19EDE}"
EndProject
Global
	GlobalSection(SolutionConfigurationPlatforms) = preSolution
		Debug|Any CPU = Debug|Any CPU
		Release|Any CPU = Release|Any CPU
	EndGlobalSection
	GlobalSection(ProjectConfigurationPlatforms) = postSolution
		{AF55AF6F-C061-4FEC-A8F6-E1FE76C19EDE}.Debug|Any CPU.ActiveCfg = Debug|Any CPU
		{AF55AF6F-C061-4FEC-A8F6-E1FE76C19EDE}.Debug|Any CPU.Build.0 = Debug|Any CPU
		{AF55AF6F-C061-4FEC-A8F6-E1FE76C19EDE}.Release|Any CPU.ActiveCfg = Release|Any CPU
		{AF55AF6F-C061-4FEC-A8F6-E1FE76C19EDE}.Release|Any CPU.Build.0 = Release|Any CPU
	EndGlobalSection
	GlobalSection(SolutionProperties) = preSolution
		HideSolutionNode = FALSE
	EndGlobalSection
	GlobalSection(ExtensibilityGlobals) = postSolution
		SolutionGuid = {BAC3B387-5AEF-45A9-A682-D93DF5B5F0AA}
	EndGlobalSection
EndGlobal
