
Microsoft Visual Studio Solution File, Format Version 12.00
# Visual Studio Version 16
VisualStudioVersion = 25.0.1706.14
MinimumVisualStudioVersion = 10.0.40219.1
Project("{FAE04EC0-301F-11D3-BF4B-00C04F79EFBC}") = "StringAssignmentApp", "StringAssignmentApp\StringAssignmentApp.csproj", "{15FF3B6C-58AE-4B38-B62D-D51339863C75}"
EndProject
Global
	GlobalSection(SolutionConfigurationPlatforms) = preSolution
		Debug|Any CPU = Debug|Any CPU
		Release|Any CPU = Release|Any CPU
	EndGlobalSection
	GlobalSection(ProjectConfigurationPlatforms) = postSolution
		{15FF3B6C-58AE-4B38-B62D-D51339863C75}.Debug|Any CPU.ActiveCfg = Debug|Any CPU
		{15FF3B6C-58AE-4B38-B62D-D51339863C75}.Debug|Any CPU.Build.0 = Debug|Any CPU
		{15FF3B6C-58AE-4B38-B62D-D51339863C75}.Release|Any CPU.ActiveCfg = Release|Any CPU
		{15FF3B6C-58AE-4B38-B62D-D51339863C75}.Release|Any CPU.Build.0 = Release|Any CPU
	EndGlobalSection
	GlobalSection(SolutionProperties) = preSolution
		HideSolutionNode = FALSE
	EndGlobalSection
	GlobalSection(ExtensibilityGlobals) = postSolution
		SolutionGuid = {13E67950-73D7-4A35-AC60-06F02715305B}
	EndGlobalSection
EndGlobal
