
Microsoft Visual Studio Solution File, Format Version 12.00
# Visual Studio Version 16
VisualStudioVersion = 25.0.1706.14
MinimumVisualStudioVersion = 10.0.40219.1
Project("{FAE04EC0-301F-11D3-BF4B-00C04F79EFBC}") = "myConsoleProject.cs", "myConsoleProject.cs\myConsoleProject.cs.csproj", "{6A18AFB5-350B-49A0-A0C1-B5B921881298}"
EndProject
Global
	GlobalSection(SolutionConfigurationPlatforms) = preSolution
		Debug|Any CPU = Debug|Any CPU
		Release|Any CPU = Release|Any CPU
	EndGlobalSection
	GlobalSection(ProjectConfigurationPlatforms) = postSolution
		{6A18AFB5-350B-49A0-A0C1-B5B921881298}.Debug|Any CPU.ActiveCfg = Debug|Any CPU
		{6A18AFB5-350B-49A0-A0C1-B5B921881298}.Debug|Any CPU.Build.0 = Debug|Any CPU
		{6A18AFB5-350B-49A0-A0C1-B5B921881298}.Release|Any CPU.ActiveCfg = Release|Any CPU
		{6A18AFB5-350B-49A0-A0C1-B5B921881298}.Release|Any CPU.Build.0 = Release|Any CPU
	EndGlobalSection
	GlobalSection(SolutionProperties) = preSolution
		HideSolutionNode = FALSE
	EndGlobalSection
	GlobalSection(ExtensibilityGlobals) = postSolution
		SolutionGuid = {9CDC530F-AD91-4353-9449-B3023A1B2248}
	EndGlobalSection
EndGlobal
