
Microsoft Visual Studio Solution File, Format Version 12.00
# Visual Studio Version 16
VisualStudioVersion = 25.0.1706.14
MinimumVisualStudioVersion = 10.0.40219.1
Project("{FAE04EC0-301F-11D3-BF4B-00C04F79EFBC}") = "CallingMethodsAssignment", "CallingMethodsAssignment\CallingMethodsAssignment.csproj", "{0C56E74B-1CA3-4B22-B42C-2C2E0113E954}"
EndProject
Global
	GlobalSection(SolutionConfigurationPlatforms) = preSolution
		Debug|Any CPU = Debug|Any CPU
		Release|Any CPU = Release|Any CPU
	EndGlobalSection
	GlobalSection(ProjectConfigurationPlatforms) = postSolution
		{0C56E74B-1CA3-4B22-B42C-2C2E0113E954}.Debug|Any CPU.ActiveCfg = Debug|Any CPU
		{0C56E74B-1CA3-4B22-B42C-2C2E0113E954}.Debug|Any CPU.Build.0 = Debug|Any CPU
		{0C56E74B-1CA3-4B22-B42C-2C2E0113E954}.Release|Any CPU.ActiveCfg = Release|Any CPU
		{0C56E74B-1CA3-4B22-B42C-2C2E0113E954}.Release|Any CPU.Build.0 = Release|Any CPU
	EndGlobalSection
	GlobalSection(SolutionProperties) = preSolution
		HideSolutionNode = FALSE
	EndGlobalSection
	GlobalSection(ExtensibilityGlobals) = postSolution
		SolutionGuid = {282EC2AA-AA09-45A5-BF7D-7AAB1D846B6A}
	EndGlobalSection
EndGlobal
