
Microsoft Visual Studio Solution File, Format Version 12.00
# Visual Studio Version 16
VisualStudioVersion = 25.0.1706.14
MinimumVisualStudioVersion = 10.0.40219.1
Project("{FAE04EC0-301F-11D3-BF4B-00C04F79EFBC}") = "BooleanLoopApp", "BooleanLoopApp\BooleanLoopApp.csproj", "{61EB70F9-8979-4D5E-9332-9C5FBB04A784}"
EndProject
Global
	GlobalSection(SolutionConfigurationPlatforms) = preSolution
		Debug|Any CPU = Debug|Any CPU
		Release|Any CPU = Release|Any CPU
	EndGlobalSection
	GlobalSection(ProjectConfigurationPlatforms) = postSolution
		{61EB70F9-8979-4D5E-9332-9C5FBB04A784}.Debug|Any CPU.ActiveCfg = Debug|Any CPU
		{61EB70F9-8979-4D5E-9332-9C5FBB04A784}.Debug|Any CPU.Build.0 = Debug|Any CPU
		{61EB70F9-8979-4D5E-9332-9C5FBB04A784}.Release|Any CPU.ActiveCfg = Release|Any CPU
		{61EB70F9-8979-4D5E-9332-9C5FBB04A784}.Release|Any CPU.Build.0 = Release|Any CPU
	EndGlobalSection
	GlobalSection(SolutionProperties) = preSolution
		HideSolutionNode = FALSE
	EndGlobalSection
	GlobalSection(ExtensibilityGlobals) = postSolution
		SolutionGuid = {AD8C8923-1BD6-465A-8E92-07AA727F76A5}
	EndGlobalSection
EndGlobal
