
Microsoft Visual Studio Solution File, Format Version 12.00
# Visual Studio Version 16
VisualStudioVersion = 25.0.1706.14
MinimumVisualStudioVersion = 10.0.40219.1
Project("{FAE04EC0-301F-11D3-BF4B-00C04F79EFBC}") = "LambdaExpressionAssignment", "LambdaExpressionAssignment\LambdaExpressionAssignment.csproj", "{DB374663-AC23-4C52-B298-EE1D9CC2658D}"
EndProject
Global
	GlobalSection(SolutionConfigurationPlatforms) = preSolution
		Debug|Any CPU = Debug|Any CPU
		Release|Any CPU = Release|Any CPU
	EndGlobalSection
	GlobalSection(ProjectConfigurationPlatforms) = postSolution
		{DB374663-AC23-4C52-B298-EE1D9CC2658D}.Debug|Any CPU.ActiveCfg = Debug|Any CPU
		{DB374663-AC23-4C52-B298-EE1D9CC2658D}.Debug|Any CPU.Build.0 = Debug|Any CPU
		{DB374663-AC23-4C52-B298-EE1D9CC2658D}.Release|Any CPU.ActiveCfg = Release|Any CPU
		{DB374663-AC23-4C52-B298-EE1D9CC2658D}.Release|Any CPU.Build.0 = Release|Any CPU
	EndGlobalSection
	GlobalSection(SolutionProperties) = preSolution
		HideSolutionNode = FALSE
	EndGlobalSection
	GlobalSection(ExtensibilityGlobals) = postSolution
		SolutionGuid = {7D9AB65E-D43E-449C-BC93-BE0012C12E7A}
	EndGlobalSection
EndGlobal
