
Microsoft Visual Studio Solution File, Format Version 12.00
# Visual Studio Version 16
VisualStudioVersion = 25.0.1706.14
MinimumVisualStudioVersion = 10.0.40219.1
Project("{FAE04EC0-301F-11D3-BF4B-00C04F79EFBC}") = "ServerTimeApp", "ServerTimeApp\ServerTimeApp.csproj", "{A57A8C32-A9A4-4EFA-A45D-6DD26A00ABE5}"
EndProject
Global
	GlobalSection(SolutionConfigurationPlatforms) = preSolution
		Debug|Any CPU = Debug|Any CPU
		Release|Any CPU = Release|Any CPU
	EndGlobalSection
	GlobalSection(ProjectConfigurationPlatforms) = postSolution
		{A57A8C32-A9A4-4EFA-A45D-6DD26A00ABE5}.Debug|Any CPU.ActiveCfg = Debug|Any CPU
		{A57A8C32-A9A4-4EFA-A45D-6DD26A00ABE5}.Debug|Any CPU.Build.0 = Debug|Any CPU
		{A57A8C32-A9A4-4EFA-A45D-6DD26A00ABE5}.Release|Any CPU.ActiveCfg = Release|Any CPU
		{A57A8C32-A9A4-4EFA-A45D-6DD26A00ABE5}.Release|Any CPU.Build.0 = Release|Any CPU
	EndGlobalSection
	GlobalSection(SolutionProperties) = preSolution
		HideSolutionNode = FALSE
	EndGlobalSection
	GlobalSection(ExtensibilityGlobals) = postSolution
		SolutionGuid = {B202EB94-3BF0-4A7D-986F-73B606FB2486}
	EndGlobalSection
EndGlobal
