
Microsoft Visual Studio Solution File, Format Version 12.00
# Visual Studio Version 16
VisualStudioVersion = 25.0.1706.14
MinimumVisualStudioVersion = 10.0.40219.1
Project("{FAE04EC0-301F-11D3-BF4B-00C04F79EFBC}") = "InterfaceAssignment", "InterfaceAssignment\InterfaceAssignment.csproj", "{4FDB7473-A02E-4F40-AE19-D6A39FD311C0}"
EndProject
Global
	GlobalSection(SolutionConfigurationPlatforms) = preSolution
		Debug|Any CPU = Debug|Any CPU
		Release|Any CPU = Release|Any CPU
	EndGlobalSection
	GlobalSection(ProjectConfigurationPlatforms) = postSolution
		{4FDB7473-A02E-4F40-AE19-D6A39FD311C0}.Debug|Any CPU.ActiveCfg = Debug|Any CPU
		{4FDB7473-A02E-4F40-AE19-D6A39FD311C0}.Debug|Any CPU.Build.0 = Debug|Any CPU
		{4FDB7473-A02E-4F40-AE19-D6A39FD311C0}.Release|Any CPU.ActiveCfg = Release|Any CPU
		{4FDB7473-A02E-4F40-AE19-D6A39FD311C0}.Release|Any CPU.Build.0 = Release|Any CPU
	EndGlobalSection
	GlobalSection(SolutionProperties) = preSolution
		HideSolutionNode = FALSE
	EndGlobalSection
	GlobalSection(ExtensibilityGlobals) = postSolution
		SolutionGuid = {F0BC8E80-4632-48A8-AC60-B236620AB544}
	EndGlobalSection
EndGlobal
